
Microsoft Visual Studio Solution File, Format Version 12.00
# Visual Studio Version 17
VisualStudioVersion = 17.6.33801.468
MinimumVisualStudioVersion = 10.0.40219.1
Project("{FAE04EC0-301F-11D3-BF4B-00C04F79EFBC}") = "Calculator", "Class in C#\Calculator.csproj", "{B959460C-C5B3-42B7-BDBF-01CDFE3C5884}"
EndProject
Project("{FAE04EC0-301F-11D3-BF4B-00C04F79EFBC}") = "Unit test for Calculator in C", "Unit test for Calculator in C#\Unit test for Calculator in C.csproj", "{040D20D9-5BEF-4067-AA61-25B91294E6F4}"
EndProject
Global
	GlobalSection(SolutionConfigurationPlatforms) = preSolution
		Debug|Any CPU = Debug|Any CPU
		Release|Any CPU = Release|Any CPU
	EndGlobalSection
	GlobalSection(ProjectConfigurationPlatforms) = postSolution
		{B959460C-C5B3-42B7-BDBF-01CDFE3C5884}.Debug|Any CPU.ActiveCfg = Debug|Any CPU
		{B959460C-C5B3-42B7-BDBF-01CDFE3C5884}.Debug|Any CPU.Build.0 = Debug|Any CPU
		{B959460C-C5B3-42B7-BDBF-01CDFE3C5884}.Release|Any CPU.ActiveCfg = Release|Any CPU
		{B959460C-C5B3-42B7-BDBF-01CDFE3C5884}.Release|Any CPU.Build.0 = Release|Any CPU
		{040D20D9-5BEF-4067-AA61-25B91294E6F4}.Debug|Any CPU.ActiveCfg = Debug|Any CPU
		{040D20D9-5BEF-4067-AA61-25B91294E6F4}.Debug|Any CPU.Build.0 = Debug|Any CPU
		{040D20D9-5BEF-4067-AA61-25B91294E6F4}.Release|Any CPU.ActiveCfg = Release|Any CPU
		{040D20D9-5BEF-4067-AA61-25B91294E6F4}.Release|Any CPU.Build.0 = Release|Any CPU
	EndGlobalSection
	GlobalSection(SolutionProperties) = preSolution
		HideSolutionNode = FALSE
	EndGlobalSection
	GlobalSection(ExtensibilityGlobals) = postSolution
		SolutionGuid = {C121A7BF-7480-4391-AF5F-250AA5EC607A}
	EndGlobalSection
EndGlobal
